
Microsoft Visual Studio Solution File, Format Version 12.00
# Visual Studio 15
VisualStudioVersion = 15.0.26730.16
MinimumVisualStudioVersion = 10.0.40219.1
Project("{FAE04EC0-301F-11D3-BF4B-00C04F79EFBC}") = "Wox.Plugin.MyFeedReader", "Wox.Plugin.MyFeedReader\Wox.Plugin.MyFeedReader.csproj", "{52B1A154-3177-4F65-8A83-B6C41029C331}"
EndProject
Project("{2150E333-8FDC-42A3-9474-1A3956D46DE8}") = "wiki", "wiki", "{7422EC6F-86A2-4DFE-A966-D4D42E7C9C0D}"
	ProjectSection(SolutionItems) = preProject
		..\README.md = ..\README.md
	EndProjectSection
EndProject
Global
	GlobalSection(SolutionConfigurationPlatforms) = preSolution
		Debug|Any CPU = Debug|Any CPU
		Release|Any CPU = Release|Any CPU
	EndGlobalSection
	GlobalSection(ProjectConfigurationPlatforms) = postSolution
		{52B1A154-3177-4F65-8A83-B6C41029C331}.Debug|Any CPU.ActiveCfg = Debug|Any CPU
		{52B1A154-3177-4F65-8A83-B6C41029C331}.Debug|Any CPU.Build.0 = Debug|Any CPU
		{52B1A154-3177-4F65-8A83-B6C41029C331}.Release|Any CPU.ActiveCfg = Release|Any CPU
		{52B1A154-3177-4F65-8A83-B6C41029C331}.Release|Any CPU.Build.0 = Release|Any CPU
	EndGlobalSection
	GlobalSection(SolutionProperties) = preSolution
		HideSolutionNode = FALSE
	EndGlobalSection
	GlobalSection(ExtensibilityGlobals) = postSolution
		SolutionGuid = {C195D08C-BEE7-4907-8218-8EA04B70642D}
	EndGlobalSection
EndGlobal
